<Solution>
  <Project Path="winter/Marius.Winter/Marius.Winter.csproj" />
  <Project Path="winter/Marius.Winter.Playground/Marius.Winter.Playground.csproj" />
  <Project Path="winter/Marius.Winter.Blazor/Marius.Winter.Blazor.csproj" />
  <Project Path="winter/Marius.Winter.Blazor.Playground/Marius.Winter.Blazor.Playground.csproj" />
</Solution>
